
Microsoft Visual Studio Solution File, Format Version 12.00
# Visual Studio 15
VisualStudioVersion = 15.0.27004.2009
MinimumVisualStudioVersion = 10.0.40219.1
Project("{FAE04EC0-301F-11D3-BF4B-00C04F79EFBC}") = "GigHub", "GigHub\GigHub.csproj", "{271113E5-639D-46F9-BA51-B56D54B867C0}"
EndProject
Global
	GlobalSection(SolutionConfigurationPlatforms) = preSolution
		Debug|Any CPU = Debug|Any CPU
		Release|Any CPU = Release|Any CPU
	EndGlobalSection
	GlobalSection(ProjectConfigurationPlatforms) = postSolution
		{271113E5-639D-46F9-BA51-B56D54B867C0}.Debug|Any CPU.ActiveCfg = Debug|Any CPU
		{271113E5-639D-46F9-BA51-B56D54B867C0}.Debug|Any CPU.Build.0 = Debug|Any CPU
		{271113E5-639D-46F9-BA51-B56D54B867C0}.Release|Any CPU.ActiveCfg = Release|Any CPU
		{271113E5-639D-46F9-BA51-B56D54B867C0}.Release|Any CPU.Build.0 = Release|Any CPU
	EndGlobalSection
	GlobalSection(SolutionProperties) = preSolution
		HideSolutionNode = FALSE
	EndGlobalSection
	GlobalSection(ExtensibilityGlobals) = postSolution
		SolutionGuid = {C3A5B2B0-728B-43AC-9321-1D0A4AF5A4AE}
	EndGlobalSection
EndGlobal
